<?xml version="1.0" encoding="utf-8"?>
<Project ToolsVersion="4.0" xmlns="http://schemas.microsoft.com/developer/msbuild/2003">
  <ItemGroup>
    <ClCompile Include="_Sources\surface.cpp">
      <Filter>Template Code</Filter>
    </ClCompile>
    <ClCompile Include="_Sources\template.cpp">
      <Filter>Template Code</Filter>
    </ClCompile>
    <ClCompile Include="_Sources\SuperMarioBros.cpp">
      <Filter>Game Code</Filter>
    </ClCompile>
    <ClCompile Include="_Sources\TimeManager.cpp">
      <Filter>Engine Code\Managers</Filter>
    </ClCompile>
    <ClCompile Include="_Sources\RenderManager.cpp">
      <Filter>Engine Code\Managers</Filter>
    </ClCompile>
    <ClCompile Include="_Sources\InputManager.cpp">
      <Filter>Engine Code\Managers</Filter>
    </ClCompile>
    <ClCompile Include="_Sources\RendererComponent.cpp">
      <Filter>Engine Code\Components</Filter>
    </ClCompile>
    <ClCompile Include="_Sources\TransformComponent.cpp">
      <Filter>Engine Code\Components</Filter>
    </ClCompile>
    <ClCompile Include="_Sources\Camera.cpp">
      <Filter>Engine Code\Prefabs</Filter>
    </ClCompile>
    <ClCompile Include="_Sources\ColliderComponent.cpp">
      <Filter>Engine Code\Components</Filter>
    </ClCompile>
    <ClCompile Include="_Sources\SceneManager.cpp">
      <Filter>Engine Code\Managers</Filter>
    </ClCompile>
    <ClCompile Include="_Sources\Scene.cpp">
      <Filter>Engine Code\Prefabs</Filter>
    </ClCompile>
    <ClCompile Include="_Sources\Tile.cpp">
      <Filter>Game Code\Prefabs\Tiles</Filter>
    </ClCompile>
    <ClCompile Include="_Sources\GameCamera.cpp">
      <Filter>Game Code\Prefabs</Filter>
    </ClCompile>
    <ClCompile Include="_Sources\GameStateManager.cpp">
      <Filter>Game Code\Managers</Filter>
    </ClCompile>
    <ClCompile Include="_Sources\PlayerStatsManager.cpp">
      <Filter>Game Code\Managers</Filter>
    </ClCompile>
    <ClCompile Include="_Sources\Actor.cpp">
      <Filter>Game Code\Prefabs\Actors</Filter>
    </ClCompile>
    <ClCompile Include="_Sources\PlayerActor.cpp">
      <Filter>Game Code\Prefabs\Actors</Filter>
    </ClCompile>
    <ClCompile Include="_Sources\SurfaceTile.cpp">
      <Filter>Game Code\Prefabs\Tiles</Filter>
    </ClCompile>
    <ClCompile Include="_Sources\PowerTile.cpp">
      <Filter>Game Code\Prefabs\Tiles</Filter>
    </ClCompile>
    <ClCompile Include="_Sources\BrickTile.cpp">
      <Filter>Game Code\Prefabs\Tiles</Filter>
    </ClCompile>
    <ClCompile Include="_Sources\Pickup.cpp">
      <Filter>Game Code\Prefabs\Pickups</Filter>
    </ClCompile>
    <ClCompile Include="_Sources\GoombaActor.cpp">
      <Filter>Game Code\Prefabs\Actors</Filter>
    </ClCompile>
    <ClCompile Include="CoinPickup.cpp" />
  </ItemGroup>
  <ItemGroup>
    <ClInclude Include="_Includes\surface.h">
      <Filter>Template Code</Filter>
    </ClInclude>
    <ClInclude Include="_Includes\template.h">
      <Filter>Template Code</Filter>
    </ClInclude>
    <ClInclude Include="_Includes\precomp.h">
      <Filter>Template Code</Filter>
    </ClInclude>
    <ClInclude Include="_Includes\SuperMarioBros.h">
      <Filter>Game Code</Filter>
    </ClInclude>
    <ClInclude Include="_Includes\Behaviour.h">
      <Filter>Engine Code</Filter>
    </ClInclude>
    <ClInclude Include="_Includes\Component.h">
      <Filter>Engine Code</Filter>
    </ClInclude>
    <ClInclude Include="_Includes\TimeManager.h">
      <Filter>Engine Code\Managers</Filter>
    </ClInclude>
    <ClInclude Include="_Includes\RenderManager.h">
      <Filter>Engine Code\Managers</Filter>
    </ClInclude>
    <ClInclude Include="_Includes\InputManager.h">
      <Filter>Engine Code\Managers</Filter>
    </ClInclude>
    <ClInclude Include="_Includes\GameSettings.h">
      <Filter>Game Code</Filter>
    </ClInclude>
    <ClInclude Include="_Includes\RendererComponent.h">
      <Filter>Engine Code\Components</Filter>
    </ClInclude>
    <ClInclude Include="_Includes\TransformComponent.h">
      <Filter>Engine Code\Components</Filter>
    </ClInclude>
    <ClInclude Include="_Includes\MathUtilities.h">
      <Filter>Engine Code\Utilities</Filter>
    </ClInclude>
    <ClInclude Include="_Includes\Instancer.h">
      <Filter>Engine Code\Utilities</Filter>
    </ClInclude>
    <ClInclude Include="_Includes\Manager.h">
      <Filter>Engine Code\Utilities</Filter>
    </ClInclude>
    <ClInclude Include="_Includes\List.h">
      <Filter>Engine Code\Utilities\Containers</Filter>
    </ClInclude>
    <ClInclude Include="_Includes\Camera.h">
      <Filter>Engine Code\Prefabs</Filter>
    </ClInclude>
    <ClInclude Include="_Includes\ColliderComponent.h">
      <Filter>Engine Code\Components</Filter>
    </ClInclude>
    <ClInclude Include="_Includes\SceneManager.h">
      <Filter>Engine Code\Managers</Filter>
    </ClInclude>
    <ClInclude Include="_Includes\Scene.h">
      <Filter>Engine Code\Prefabs</Filter>
    </ClInclude>
    <ClInclude Include="_Includes\Tile.h">
      <Filter>Game Code\Prefabs\Tiles</Filter>
    </ClInclude>
    <ClInclude Include="_Includes\GameCamera.h">
      <Filter>Game Code\Prefabs</Filter>
    </ClInclude>
    <ClInclude Include="_Includes\GameStateManager.h">
      <Filter>Game Code\Managers</Filter>
    </ClInclude>
    <ClInclude Include="_Includes\PlayerStatsManager.h">
      <Filter>Game Code\Managers</Filter>
    </ClInclude>
    <ClInclude Include="_Includes\Actor.h">
      <Filter>Game Code\Prefabs\Actors</Filter>
    </ClInclude>
    <ClInclude Include="_Includes\PlayerActor.h">
      <Filter>Game Code\Prefabs\Actors</Filter>
    </ClInclude>
    <ClInclude Include="_Includes\SurfaceTile.h">
      <Filter>Game Code\Prefabs\Tiles</Filter>
    </ClInclude>
    <ClInclude Include="_Includes\BrickTile.h">
      <Filter>Game Code\Prefabs\Tiles</Filter>
    </ClInclude>
    <ClInclude Include="_Includes\Pickup.h">
      <Filter>Game Code\Prefabs\Pickups</Filter>
    </ClInclude>
    <ClInclude Include="_Includes\GoombaActor.h">
      <Filter>Game Code\Prefabs\Actors</Filter>
    </ClInclude>
    <ClInclude Include="_Includes\PowerTile.h">
      <Filter>Game Code\Prefabs\Tiles</Filter>
    </ClInclude>
    <ClInclude Include="CoinPickup.h" />
  </ItemGroup>
  <ItemGroup>
    <Filter Include="Template Code">
      <UniqueIdentifier>{bf32dd6e-4be7-4889-8ac6-49e7ee163c40}</UniqueIdentifier>
    </Filter>
    <Filter Include="Game Code">
      <UniqueIdentifier>{79a78105-f321-435a-8772-db90260b624c}</UniqueIdentifier>
    </Filter>
    <Filter Include="Engine Code">
      <UniqueIdentifier>{a0d80334-2f9c-4fa9-9ac4-f5238c2ebf02}</UniqueIdentifier>
    </Filter>
    <Filter Include="Engine Code\Managers">
      <UniqueIdentifier>{3941685d-b11c-4490-a6d5-0c2c8a7e1943}</UniqueIdentifier>
    </Filter>
    <Filter Include="Engine Code\Components">
      <UniqueIdentifier>{c5e0e209-8400-4c15-908b-4cdab3106158}</UniqueIdentifier>
    </Filter>
    <Filter Include="Engine Code\Utilities">
      <UniqueIdentifier>{b4ba220c-9625-4164-9769-41401195153d}</UniqueIdentifier>
    </Filter>
    <Filter Include="Engine Code\Utilities\Containers">
      <UniqueIdentifier>{6917ffa4-fa3a-448d-a545-31776e51c504}</UniqueIdentifier>
    </Filter>
    <Filter Include="Engine Code\Prefabs">
      <UniqueIdentifier>{8d4f87c1-d9a9-492f-aa96-2539d695c6d3}</UniqueIdentifier>
    </Filter>
    <Filter Include="Game Code\Prefabs">
      <UniqueIdentifier>{a47fad27-0ef6-4f1c-9ad1-1fb802cff378}</UniqueIdentifier>
    </Filter>
    <Filter Include="Game Code\Managers">
      <UniqueIdentifier>{c7ab51e0-5c69-4a2d-81ae-a2727263bd86}</UniqueIdentifier>
    </Filter>
    <Filter Include="Game Code\Prefabs\Tiles">
      <UniqueIdentifier>{b17d6760-e146-4a67-a4a9-71c679d05461}</UniqueIdentifier>
    </Filter>
    <Filter Include="Game Code\Prefabs\Actors">
      <UniqueIdentifier>{f0a3c32e-8950-47eb-93bd-f46798189a3e}</UniqueIdentifier>
    </Filter>
    <Filter Include="Game Code\Prefabs\Pickups">
      <UniqueIdentifier>{f9c5ec7a-66ea-4cb6-b6d5-f73cd71b5796}</UniqueIdentifier>
    </Filter>
  </ItemGroup>
  <ItemGroup>
    <Text Include="_readme.txt">
      <Filter>Template Code</Filter>
    </Text>
  </ItemGroup>
</Project>